
Microsoft Visual Studio Solution File, Format Version 12.00
# Visual Studio Version 16
VisualStudioVersion = 16.0.30611.23
MinimumVisualStudioVersion = 10.0.40219.1
Project("{FAE04EC0-301F-11D3-BF4B-00C04F79EFBC}") = "Fixit.Core.DataContracts", "Fixit.Core.DataContracts\Fixit.Core.DataContracts.csproj", "{2AC4055F-3450-4F68-BC79-6BF77220AAA2}"
EndProject
Global
	GlobalSection(SolutionConfigurationPlatforms) = preSolution
		Debug|Any CPU = Debug|Any CPU
		Release|Any CPU = Release|Any CPU
	EndGlobalSection
	GlobalSection(ProjectConfigurationPlatforms) = postSolution
		{2AC4055F-3450-4F68-BC79-6BF77220AAA2}.Debug|Any CPU.ActiveCfg = Debug|Any CPU
		{2AC4055F-3450-4F68-BC79-6BF77220AAA2}.Debug|Any CPU.Build.0 = Debug|Any CPU
		{2AC4055F-3450-4F68-BC79-6BF77220AAA2}.Release|Any CPU.ActiveCfg = Release|Any CPU
		{2AC4055F-3450-4F68-BC79-6BF77220AAA2}.Release|Any CPU.Build.0 = Release|Any CPU
	EndGlobalSection
	GlobalSection(SolutionProperties) = preSolution
		HideSolutionNode = FALSE
	EndGlobalSection
	GlobalSection(ExtensibilityGlobals) = postSolution
		SolutionGuid = {7B816110-4ADC-417A-87FF-F1C64691E92C}
	EndGlobalSection
EndGlobal
